// !$*UTF8*$!
{
	archiveVersion = 1;
	classes = {
	};
	objectVersion = 51;
	objects = {

/* Begin PBXBuildFile section */
		085CFA91B6A1AD99EABDFDCA /* libPods-ObjcProjectsTests.a in Frameworks */ = {isa = PBXBuildFile; fileRef = 80B6CE6A5765E05B6E4953F4 /* libPods-ObjcProjectsTests.a */; };
		592D1B9D22BCC328008F275E /* MQTTConfig.m in Sources */ = {isa = PBXBuildFile; fileRef = 592D1B9022BCC328008F275E /* MQTTConfig.m */; };
		592D1BA122BCC328008F275E /* MQTTBaseModel.m in Sources */ = {isa = PBXBuildFile; fileRef = 592D1B9522BCC328008F275E /* MQTTBaseModel.m */; };
		592D1BA222BCC328008F275E /* MQTTManager.m in Sources */ = {isa = PBXBuildFile; fileRef = 592D1B9622BCC328008F275E /* MQTTManager.m */; };
		592D1BA422BCC328008F275E /* MQTTUtilModel.m in Sources */ = {isa = PBXBuildFile; fileRef = 592D1B9822BCC328008F275E /* MQTTUtilModel.m */; };
		592D1BA522BCC328008F275E /* MQTTSessionUtil.m in Sources */ = {isa = PBXBuildFile; fileRef = 592D1B9C22BCC328008F275E /* MQTTSessionUtil.m */; };
		592D1BA822BCC3F4008F275E /* MQTTConst.m in Sources */ = {isa = PBXBuildFile; fileRef = 592D1BA722BCC3F4008F275E /* MQTTConst.m */; };
		593CA09D229B8CF800F21A02 /* HBDNaviBarViewController.m in Sources */ = {isa = PBXBuildFile; fileRef = 593CA09C229B8CF800F21A02 /* HBDNaviBarViewController.m */; };
		593CA0A0229B8D0400F21A02 /* RACViewController.m in Sources */ = {isa = PBXBuildFile; fileRef = 593CA09F229B8D0400F21A02 /* RACViewController.m */; };
		593CA0A3229B911800F21A02 /* RacView.m in Sources */ = {isa = PBXBuildFile; fileRef = 593CA0A2229B911800F21A02 /* RacView.m */; };
		597418A32276DC2900820E26 /* DDLogFormatter.m in Sources */ = {isa = PBXBuildFile; fileRef = 597418A22276DC2900820E26 /* DDLogFormatter.m */; };
		597418A82276F82000820E26 /* UIScrollView+RefreshController.m in Sources */ = {isa = PBXBuildFile; fileRef = 597418A72276F82000820E26 /* UIScrollView+RefreshController.m */; };
		597418AB2276F84100820E26 /* RefreshBaseView.m in Sources */ = {isa = PBXBuildFile; fileRef = 597418AA2276F84100820E26 /* RefreshBaseView.m */; };
		597418AE2276F85800820E26 /* RefreshHeader.m in Sources */ = {isa = PBXBuildFile; fileRef = 597418AD2276F85800820E26 /* RefreshHeader.m */; };
		597418B12276F86200820E26 /* RefreshFooter.m in Sources */ = {isa = PBXBuildFile; fileRef = 597418B02276F86200820E26 /* RefreshFooter.m */; };
		597418B42276FAA800820E26 /* RefreshConstant.m in Sources */ = {isa = PBXBuildFile; fileRef = 597418B32276FAA800820E26 /* RefreshConstant.m */; };
		59D7E44022B1F37300BB17EC /* DragingViewController.m in Sources */ = {isa = PBXBuildFile; fileRef = 59D7E43F22B1F37300BB17EC /* DragingViewController.m */; };
		59D7E44322B1F3A400BB17EC /* DragView.m in Sources */ = {isa = PBXBuildFile; fileRef = 59D7E44222B1F3A400BB17EC /* DragView.m */; };
		59E17793226F04A500E9625B /* Main.storyboard in Resources */ = {isa = PBXBuildFile; fileRef = 59E17791226F04A500E9625B /* Main.storyboard */; };
		59E17795226F04A600E9625B /* Assets.xcassets in Resources */ = {isa = PBXBuildFile; fileRef = 59E17794226F04A600E9625B /* Assets.xcassets */; };
		59E17798226F04A600E9625B /* LaunchScreen.storyboard in Resources */ = {isa = PBXBuildFile; fileRef = 59E17796226F04A600E9625B /* LaunchScreen.storyboard */; };
		59E1779B226F04A600E9625B /* main.m in Sources */ = {isa = PBXBuildFile; fileRef = 59E1779A226F04A600E9625B /* main.m */; };
		59E177A5226F04A600E9625B /* ObjcProjectsTests.m in Sources */ = {isa = PBXBuildFile; fileRef = 59E177A4226F04A600E9625B /* ObjcProjectsTests.m */; };
		59E177B0226F04A600E9625B /* ObjcProjectsUITests.m in Sources */ = {isa = PBXBuildFile; fileRef = 59E177AF226F04A600E9625B /* ObjcProjectsUITests.m */; };
		59E177C1226F04E000E9625B /* MainTabBarController.m in Sources */ = {isa = PBXBuildFile; fileRef = 59E177BD226F04DF00E9625B /* MainTabBarController.m */; };
		59E177C2226F04E000E9625B /* AppDelegate.m in Sources */ = {isa = PBXBuildFile; fileRef = 59E177C0226F04E000E9625B /* AppDelegate.m */; };
		59E177D3226F04FC00E9625B /* MessageViewController.m in Sources */ = {isa = PBXBuildFile; fileRef = 59E177C4226F04FC00E9625B /* MessageViewController.m */; };
		59E177D4226F04FC00E9625B /* Message.storyboard in Resources */ = {isa = PBXBuildFile; fileRef = 59E177C6226F04FC00E9625B /* Message.storyboard */; };
		59E177D5226F04FC00E9625B /* Profile.storyboard in Resources */ = {isa = PBXBuildFile; fileRef = 59E177C8226F04FC00E9625B /* Profile.storyboard */; };
		59E177D6226F04FC00E9625B /* ProfileViewController.m in Sources */ = {isa = PBXBuildFile; fileRef = 59E177CA226F04FC00E9625B /* ProfileViewController.m */; };
		59E177D7226F04FC00E9625B /* Community.storyboard in Resources */ = {isa = PBXBuildFile; fileRef = 59E177CC226F04FC00E9625B /* Community.storyboard */; };
		59E177D8226F04FC00E9625B /* CommunityViewController.m in Sources */ = {isa = PBXBuildFile; fileRef = 59E177CD226F04FC00E9625B /* CommunityViewController.m */; };
		59E177D9226F04FC00E9625B /* HomeViewController.m in Sources */ = {isa = PBXBuildFile; fileRef = 59E177D0226F04FC00E9625B /* HomeViewController.m */; };
		59E177DA226F04FC00E9625B /* Home.storyboard in Resources */ = {isa = PBXBuildFile; fileRef = 59E177D1226F04FC00E9625B /* Home.storyboard */; };
		59F5F8D222781E3900067A7B /* UIScrollView+Base.m in Sources */ = {isa = PBXBuildFile; fileRef = 59F5F8D122781E3900067A7B /* UIScrollView+Base.m */; };
		89084D1F0BE649F464B9806C /* libPods-ObjcProjectsUITests.a in Frameworks */ = {isa = PBXBuildFile; fileRef = 5A824B217BEAC5E581FC2070 /* libPods-ObjcProjectsUITests.a */; };
		D8479BE222B55812003C04FE /* LoadMoreControl.m in Sources */ = {isa = PBXBuildFile; fileRef = D8479BE122B55812003C04FE /* LoadMoreControl.m */; };
		E3DF69DA31907938E4A50628 /* libPods-ObjcProjects.a in Frameworks */ = {isa = PBXBuildFile; fileRef = 21B0DF0F441AC4C89835F41C /* libPods-ObjcProjects.a */; };
/* End PBXBuildFile section */

/* Begin PBXContainerItemProxy section */
		59E177A1226F04A600E9625B /* PBXContainerItemProxy */ = {
			isa = PBXContainerItemProxy;
			containerPortal = 59E17780226F04A500E9625B /* Project object */;
			proxyType = 1;
			remoteGlobalIDString = 59E17787226F04A500E9625B;
			remoteInfo = ObjcProjects;
		};
		59E177AC226F04A600E9625B /* PBXContainerItemProxy */ = {
			isa = PBXContainerItemProxy;
			containerPortal = 59E17780226F04A500E9625B /* Project object */;
			proxyType = 1;
			remoteGlobalIDString = 59E17787226F04A500E9625B;
			remoteInfo = ObjcProjects;
		};
/* End PBXContainerItemProxy section */

/* Begin PBXFileReference section */
		21B0DF0F441AC4C89835F41C /* libPods-ObjcProjects.a */ = {isa = PBXFileReference; explicitFileType = archive.ar; includeInIndex = 0; path = "libPods-ObjcProjects.a"; sourceTree = BUILT_PRODUCTS_DIR; };
		3F1F9DD19205A8F816C9C5DC /* Pods-ObjcProjectsTests.release.xcconfig */ = {isa = PBXFileReference; includeInIndex = 1; lastKnownFileType = text.xcconfig; name = "Pods-ObjcProjectsTests.release.xcconfig"; path = "Target Support Files/Pods-ObjcProjectsTests/Pods-ObjcProjectsTests.release.xcconfig"; sourceTree = "<group>"; };
		532E86B8D65BDCBB4565C910 /* Pods-ObjcProjectsTests.debug.xcconfig */ = {isa = PBXFileReference; includeInIndex = 1; lastKnownFileType = text.xcconfig; name = "Pods-ObjcProjectsTests.debug.xcconfig"; path = "Target Support Files/Pods-ObjcProjectsTests/Pods-ObjcProjectsTests.debug.xcconfig"; sourceTree = "<group>"; };
		592D1B8F22BCC328008F275E /* MQTTUtilModel.h */ = {isa = PBXFileReference; fileEncoding = 4; lastKnownFileType = sourcecode.c.h; path = MQTTUtilModel.h; sourceTree = "<group>"; };
		592D1B9022BCC328008F275E /* MQTTConfig.m */ = {isa = PBXFileReference; fileEncoding = 4; lastKnownFileType = sourcecode.c.objc; path = MQTTConfig.m; sourceTree = "<group>"; };
		592D1B9222BCC328008F275E /* MQTTSessionUtil.h */ = {isa = PBXFileReference; fileEncoding = 4; lastKnownFileType = sourcecode.c.h; path = MQTTSessionUtil.h; sourceTree = "<group>"; };
		592D1B9522BCC328008F275E /* MQTTBaseModel.m */ = {isa = PBXFileReference; fileEncoding = 4; lastKnownFileType = sourcecode.c.objc; path = MQTTBaseModel.m; sourceTree = "<group>"; };
		592D1B9622BCC328008F275E /* MQTTManager.m */ = {isa = PBXFileReference; fileEncoding = 4; lastKnownFileType = sourcecode.c.objc; path = MQTTManager.m; sourceTree = "<group>"; };
		592D1B9822BCC328008F275E /* MQTTUtilModel.m */ = {isa = PBXFileReference; fileEncoding = 4; lastKnownFileType = sourcecode.c.objc; path = MQTTUtilModel.m; sourceTree = "<group>"; };
		592D1B9922BCC328008F275E /* MQTTConfig.h */ = {isa = PBXFileReference; fileEncoding = 4; lastKnownFileType = sourcecode.c.h; path = MQTTConfig.h; sourceTree = "<group>"; };
		592D1B9A22BCC328008F275E /* MQTTBaseModel.h */ = {isa = PBXFileReference; fileEncoding = 4; lastKnownFileType = sourcecode.c.h; path = MQTTBaseModel.h; sourceTree = "<group>"; };
		592D1B9B22BCC328008F275E /* MQTTManager.h */ = {isa = PBXFileReference; fileEncoding = 4; lastKnownFileType = sourcecode.c.h; path = MQTTManager.h; sourceTree = "<group>"; };
		592D1B9C22BCC328008F275E /* MQTTSessionUtil.m */ = {isa = PBXFileReference; fileEncoding = 4; lastKnownFileType = sourcecode.c.objc; path = MQTTSessionUtil.m; sourceTree = "<group>"; };
		592D1BA622BCC3F4008F275E /* MQTTConst.h */ = {isa = PBXFileReference; lastKnownFileType = sourcecode.c.h; path = MQTTConst.h; sourceTree = "<group>"; };
		592D1BA722BCC3F4008F275E /* MQTTConst.m */ = {isa = PBXFileReference; lastKnownFileType = sourcecode.c.objc; path = MQTTConst.m; sourceTree = "<group>"; };
		593CA09B229B8CF800F21A02 /* HBDNaviBarViewController.h */ = {isa = PBXFileReference; lastKnownFileType = sourcecode.c.h; path = HBDNaviBarViewController.h; sourceTree = "<group>"; };
		593CA09C229B8CF800F21A02 /* HBDNaviBarViewController.m */ = {isa = PBXFileReference; lastKnownFileType = sourcecode.c.objc; path = HBDNaviBarViewController.m; sourceTree = "<group>"; };
		593CA09E229B8D0400F21A02 /* RACViewController.h */ = {isa = PBXFileReference; lastKnownFileType = sourcecode.c.h; path = RACViewController.h; sourceTree = "<group>"; };
		593CA09F229B8D0400F21A02 /* RACViewController.m */ = {isa = PBXFileReference; lastKnownFileType = sourcecode.c.objc; path = RACViewController.m; sourceTree = "<group>"; };
		593CA0A1229B911800F21A02 /* RacView.h */ = {isa = PBXFileReference; lastKnownFileType = sourcecode.c.h; path = RacView.h; sourceTree = "<group>"; };
		593CA0A2229B911800F21A02 /* RacView.m */ = {isa = PBXFileReference; lastKnownFileType = sourcecode.c.objc; path = RacView.m; sourceTree = "<group>"; };
		597418A02276D9DA00820E26 /* PrefixHeader.pch */ = {isa = PBXFileReference; lastKnownFileType = sourcecode.c.h; path = PrefixHeader.pch; sourceTree = "<group>"; };
		597418A12276DC2900820E26 /* DDLogFormatter.h */ = {isa = PBXFileReference; lastKnownFileType = sourcecode.c.h; path = DDLogFormatter.h; sourceTree = "<group>"; };
		597418A22276DC2900820E26 /* DDLogFormatter.m */ = {isa = PBXFileReference; lastKnownFileType = sourcecode.c.objc; path = DDLogFormatter.m; sourceTree = "<group>"; };
		597418A62276F82000820E26 /* UIScrollView+RefreshController.h */ = {isa = PBXFileReference; lastKnownFileType = sourcecode.c.h; path = "UIScrollView+RefreshController.h"; sourceTree = "<group>"; };
		597418A72276F82000820E26 /* UIScrollView+RefreshController.m */ = {isa = PBXFileReference; lastKnownFileType = sourcecode.c.objc; path = "UIScrollView+RefreshController.m"; sourceTree = "<group>"; };
		597418A92276F84100820E26 /* RefreshBaseView.h */ = {isa = PBXFileReference; lastKnownFileType = sourcecode.c.h; path = RefreshBaseView.h; sourceTree = "<group>"; };
		597418AA2276F84100820E26 /* RefreshBaseView.m */ = {isa = PBXFileReference; lastKnownFileType = sourcecode.c.objc; path = RefreshBaseView.m; sourceTree = "<group>"; };
		597418AC2276F85800820E26 /* RefreshHeader.h */ = {isa = PBXFileReference; lastKnownFileType = sourcecode.c.h; path = RefreshHeader.h; sourceTree = "<group>"; };
		597418AD2276F85800820E26 /* RefreshHeader.m */ = {isa = PBXFileReference; lastKnownFileType = sourcecode.c.objc; path = RefreshHeader.m; sourceTree = "<group>"; };
		597418AF2276F86200820E26 /* RefreshFooter.h */ = {isa = PBXFileReference; lastKnownFileType = sourcecode.c.h; path = RefreshFooter.h; sourceTree = "<group>"; };
		597418B02276F86200820E26 /* RefreshFooter.m */ = {isa = PBXFileReference; lastKnownFileType = sourcecode.c.objc; path = RefreshFooter.m; sourceTree = "<group>"; };
		597418B22276FAA800820E26 /* RefreshConstant.h */ = {isa = PBXFileReference; lastKnownFileType = sourcecode.c.h; path = RefreshConstant.h; sourceTree = "<group>"; };
		597418B32276FAA800820E26 /* RefreshConstant.m */ = {isa = PBXFileReference; lastKnownFileType = sourcecode.c.objc; path = RefreshConstant.m; sourceTree = "<group>"; };
		59D7E43E22B1F37300BB17EC /* DragingViewController.h */ = {isa = PBXFileReference; lastKnownFileType = sourcecode.c.h; path = DragingViewController.h; sourceTree = "<group>"; };
		59D7E43F22B1F37300BB17EC /* DragingViewController.m */ = {isa = PBXFileReference; lastKnownFileType = sourcecode.c.objc; path = DragingViewController.m; sourceTree = "<group>"; };
		59D7E44122B1F3A400BB17EC /* DragView.h */ = {isa = PBXFileReference; lastKnownFileType = sourcecode.c.h; path = DragView.h; sourceTree = "<group>"; };
		59D7E44222B1F3A400BB17EC /* DragView.m */ = {isa = PBXFileReference; lastKnownFileType = sourcecode.c.objc; path = DragView.m; sourceTree = "<group>"; };
		59E17788226F04A500E9625B /* ObjcProjects.app */ = {isa = PBXFileReference; explicitFileType = wrapper.application; includeInIndex = 0; path = ObjcProjects.app; sourceTree = BUILT_PRODUCTS_DIR; };
		59E17792226F04A500E9625B /* Base */ = {isa = PBXFileReference; lastKnownFileType = file.storyboard; name = Base; path = Base.lproj/Main.storyboard; sourceTree = "<group>"; };
		59E17794226F04A600E9625B /* Assets.xcassets */ = {isa = PBXFileReference; lastKnownFileType = folder.assetcatalog; path = Assets.xcassets; sourceTree = "<group>"; };
		59E17797226F04A600E9625B /* Base */ = {isa = PBXFileReference; lastKnownFileType = file.storyboard; name = Base; path = Base.lproj/LaunchScreen.storyboard; sourceTree = "<group>"; };
		59E17799226F04A600E9625B /* Info.plist */ = {isa = PBXFileReference; lastKnownFileType = text.plist.xml; path = Info.plist; sourceTree = "<group>"; };
		59E1779A226F04A600E9625B /* main.m */ = {isa = PBXFileReference; lastKnownFileType = sourcecode.c.objc; path = main.m; sourceTree = "<group>"; };
		59E177A0226F04A600E9625B /* ObjcProjectsTests.xctest */ = {isa = PBXFileReference; explicitFileType = wrapper.cfbundle; includeInIndex = 0; path = ObjcProjectsTests.xctest; sourceTree = BUILT_PRODUCTS_DIR; };
		59E177A4226F04A600E9625B /* ObjcProjectsTests.m */ = {isa = PBXFileReference; lastKnownFileType = sourcecode.c.objc; path = ObjcProjectsTests.m; sourceTree = "<group>"; };
		59E177A6226F04A600E9625B /* Info.plist */ = {isa = PBXFileReference; lastKnownFileType = text.plist.xml; path = Info.plist; sourceTree = "<group>"; };
		59E177AB226F04A600E9625B /* ObjcProjectsUITests.xctest */ = {isa = PBXFileReference; explicitFileType = wrapper.cfbundle; includeInIndex = 0; path = ObjcProjectsUITests.xctest; sourceTree = BUILT_PRODUCTS_DIR; };
		59E177AF226F04A600E9625B /* ObjcProjectsUITests.m */ = {isa = PBXFileReference; lastKnownFileType = sourcecode.c.objc; path = ObjcProjectsUITests.m; sourceTree = "<group>"; };
		59E177B1226F04A600E9625B /* Info.plist */ = {isa = PBXFileReference; lastKnownFileType = text.plist.xml; path = Info.plist; sourceTree = "<group>"; };
		59E177BD226F04DF00E9625B /* MainTabBarController.m */ = {isa = PBXFileReference; fileEncoding = 4; lastKnownFileType = sourcecode.c.objc; path = MainTabBarController.m; sourceTree = "<group>"; };
		59E177BE226F04E000E9625B /* MainTabBarController.h */ = {isa = PBXFileReference; fileEncoding = 4; lastKnownFileType = sourcecode.c.h; path = MainTabBarController.h; sourceTree = "<group>"; };
		59E177BF226F04E000E9625B /* AppDelegate.h */ = {isa = PBXFileReference; fileEncoding = 4; lastKnownFileType = sourcecode.c.h; path = AppDelegate.h; sourceTree = "<group>"; };
		59E177C0226F04E000E9625B /* AppDelegate.m */ = {isa = PBXFileReference; fileEncoding = 4; lastKnownFileType = sourcecode.c.objc; path = AppDelegate.m; sourceTree = "<group>"; };
		59E177C4226F04FC00E9625B /* MessageViewController.m */ = {isa = PBXFileReference; fileEncoding = 4; lastKnownFileType = sourcecode.c.objc; path = MessageViewController.m; sourceTree = "<group>"; };
		59E177C5226F04FC00E9625B /* MessageViewController.h */ = {isa = PBXFileReference; fileEncoding = 4; lastKnownFileType = sourcecode.c.h; path = MessageViewController.h; sourceTree = "<group>"; };
		59E177C6226F04FC00E9625B /* Message.storyboard */ = {isa = PBXFileReference; fileEncoding = 4; lastKnownFileType = file.storyboard; path = Message.storyboard; sourceTree = "<group>"; };
		59E177C8226F04FC00E9625B /* Profile.storyboard */ = {isa = PBXFileReference; fileEncoding = 4; lastKnownFileType = file.storyboard; path = Profile.storyboard; sourceTree = "<group>"; };
		59E177C9226F04FC00E9625B /* ProfileViewController.h */ = {isa = PBXFileReference; fileEncoding = 4; lastKnownFileType = sourcecode.c.h; path = ProfileViewController.h; sourceTree = "<group>"; };
		59E177CA226F04FC00E9625B /* ProfileViewController.m */ = {isa = PBXFileReference; fileEncoding = 4; lastKnownFileType = sourcecode.c.objc; path = ProfileViewController.m; sourceTree = "<group>"; };
		59E177CC226F04FC00E9625B /* Community.storyboard */ = {isa = PBXFileReference; fileEncoding = 4; lastKnownFileType = file.storyboard; path = Community.storyboard; sourceTree = "<group>"; };
		59E177CD226F04FC00E9625B /* CommunityViewController.m */ = {isa = PBXFileReference; fileEncoding = 4; lastKnownFileType = sourcecode.c.objc; path = CommunityViewController.m; sourceTree = "<group>"; };
		59E177CE226F04FC00E9625B /* CommunityViewController.h */ = {isa = PBXFileReference; fileEncoding = 4; lastKnownFileType = sourcecode.c.h; path = CommunityViewController.h; sourceTree = "<group>"; };
		59E177D0226F04FC00E9625B /* HomeViewController.m */ = {isa = PBXFileReference; fileEncoding = 4; lastKnownFileType = sourcecode.c.objc; path = HomeViewController.m; sourceTree = "<group>"; };
		59E177D1226F04FC00E9625B /* Home.storyboard */ = {isa = PBXFileReference; fileEncoding = 4; lastKnownFileType = file.storyboard; path = Home.storyboard; sourceTree = "<group>"; };
		59E177D2226F04FC00E9625B /* HomeViewController.h */ = {isa = PBXFileReference; fileEncoding = 4; lastKnownFileType = sourcecode.c.h; path = HomeViewController.h; sourceTree = "<group>"; };
		59F5F8D022781E3900067A7B /* UIScrollView+Base.h */ = {isa = PBXFileReference; lastKnownFileType = sourcecode.c.h; path = "UIScrollView+Base.h"; sourceTree = "<group>"; };
		59F5F8D122781E3900067A7B /* UIScrollView+Base.m */ = {isa = PBXFileReference; lastKnownFileType = sourcecode.c.objc; path = "UIScrollView+Base.m"; sourceTree = "<group>"; };
		5A824B217BEAC5E581FC2070 /* libPods-ObjcProjectsUITests.a */ = {isa = PBXFileReference; explicitFileType = archive.ar; includeInIndex = 0; path = "libPods-ObjcProjectsUITests.a"; sourceTree = BUILT_PRODUCTS_DIR; };
		80B6CE6A5765E05B6E4953F4 /* libPods-ObjcProjectsTests.a */ = {isa = PBXFileReference; explicitFileType = archive.ar; includeInIndex = 0; path = "libPods-ObjcProjectsTests.a"; sourceTree = BUILT_PRODUCTS_DIR; };
		9689FE02F74AB02230DF76A3 /* Pods-ObjcProjects.debug.xcconfig */ = {isa = PBXFileReference; includeInIndex = 1; lastKnownFileType = text.xcconfig; name = "Pods-ObjcProjects.debug.xcconfig"; path = "Target Support Files/Pods-ObjcProjects/Pods-ObjcProjects.debug.xcconfig"; sourceTree = "<group>"; };
		A332B94BB73F8CA2E42A3265 /* Pods-ObjcProjects.release.xcconfig */ = {isa = PBXFileReference; includeInIndex = 1; lastKnownFileType = text.xcconfig; name = "Pods-ObjcProjects.release.xcconfig"; path = "Target Support Files/Pods-ObjcProjects/Pods-ObjcProjects.release.xcconfig"; sourceTree = "<group>"; };
		B8E76F56DA4C5D8AE4486A12 /* Pods-ObjcProjectsUITests.debug.xcconfig */ = {isa = PBXFileReference; includeInIndex = 1; lastKnownFileType = text.xcconfig; name = "Pods-ObjcProjectsUITests.debug.xcconfig"; path = "Target Support Files/Pods-ObjcProjectsUITests/Pods-ObjcProjectsUITests.debug.xcconfig"; sourceTree = "<group>"; };
		D22A28290E2C3AF59ABF8588 /* Pods-ObjcProjectsUITests.release.xcconfig */ = {isa = PBXFileReference; includeInIndex = 1; lastKnownFileType = text.xcconfig; name = "Pods-ObjcProjectsUITests.release.xcconfig"; path = "Target Support Files/Pods-ObjcProjectsUITests/Pods-ObjcProjectsUITests.release.xcconfig"; sourceTree = "<group>"; };
		D8479BE022B55812003C04FE /* LoadMoreControl.h */ = {isa = PBXFileReference; fileEncoding = 4; lastKnownFileType = sourcecode.c.h; path = LoadMoreControl.h; sourceTree = "<group>"; };
		D8479BE122B55812003C04FE /* LoadMoreControl.m */ = {isa = PBXFileReference; fileEncoding = 4; lastKnownFileType = sourcecode.c.objc; path = LoadMoreControl.m; sourceTree = "<group>"; };
/* End PBXFileReference section */

/* Begin PBXFrameworksBuildPhase section */
		59E17785226F04A500E9625B /* Frameworks */ = {
			isa = PBXFrameworksBuildPhase;
			buildActionMask = 2147483647;
			files = (
				E3DF69DA31907938E4A50628 /* libPods-ObjcProjects.a in Frameworks */,
			);
			runOnlyForDeploymentPostprocessing = 0;
		};
		59E1779D226F04A600E9625B /* Frameworks */ = {
			isa = PBXFrameworksBuildPhase;
			buildActionMask = 2147483647;
			files = (
				085CFA91B6A1AD99EABDFDCA /* libPods-ObjcProjectsTests.a in Frameworks */,
			);
			runOnlyForDeploymentPostprocessing = 0;
		};
		59E177A8226F04A600E9625B /* Frameworks */ = {
			isa = PBXFrameworksBuildPhase;
			buildActionMask = 2147483647;
			files = (
				89084D1F0BE649F464B9806C /* libPods-ObjcProjectsUITests.a in Frameworks */,
			);
			runOnlyForDeploymentPostprocessing = 0;
		};
/* End PBXFrameworksBuildPhase section */

/* Begin PBXGroup section */
		0BDB0F988B4F3562E3359E22 /* Frameworks */ = {
			isa = PBXGroup;
			children = (
				21B0DF0F441AC4C89835F41C /* libPods-ObjcProjects.a */,
				80B6CE6A5765E05B6E4953F4 /* libPods-ObjcProjectsTests.a */,
				5A824B217BEAC5E581FC2070 /* libPods-ObjcProjectsUITests.a */,
			);
			name = Frameworks;
			sourceTree = "<group>";
		};
		1C620B4BD9376262186440A7 /* Pods */ = {
			isa = PBXGroup;
			children = (
				9689FE02F74AB02230DF76A3 /* Pods-ObjcProjects.debug.xcconfig */,
				A332B94BB73F8CA2E42A3265 /* Pods-ObjcProjects.release.xcconfig */,
				532E86B8D65BDCBB4565C910 /* Pods-ObjcProjectsTests.debug.xcconfig */,
				3F1F9DD19205A8F816C9C5DC /* Pods-ObjcProjectsTests.release.xcconfig */,
				B8E76F56DA4C5D8AE4486A12 /* Pods-ObjcProjectsUITests.debug.xcconfig */,
				D22A28290E2C3AF59ABF8588 /* Pods-ObjcProjectsUITests.release.xcconfig */,
			);
			path = Pods;
			sourceTree = "<group>";
		};
		592D1B8E22BCC328008F275E /* MQTT */ = {
			isa = PBXGroup;
			children = (
				592D1B9B22BCC328008F275E /* MQTTManager.h */,
				592D1B9622BCC328008F275E /* MQTTManager.m */,
				592D1B9222BCC328008F275E /* MQTTSessionUtil.h */,
				592D1B9C22BCC328008F275E /* MQTTSessionUtil.m */,
				592D1B8F22BCC328008F275E /* MQTTUtilModel.h */,
				592D1B9822BCC328008F275E /* MQTTUtilModel.m */,
				592D1B9922BCC328008F275E /* MQTTConfig.h */,
				592D1B9022BCC328008F275E /* MQTTConfig.m */,
				592D1B9A22BCC328008F275E /* MQTTBaseModel.h */,
				592D1B9522BCC328008F275E /* MQTTBaseModel.m */,
				592D1BA622BCC3F4008F275E /* MQTTConst.h */,
				592D1BA722BCC3F4008F275E /* MQTTConst.m */,
			);
			path = MQTT;
			sourceTree = "<group>";
		};
		597418A42276F7D900820E26 /* Untils */ = {
			isa = PBXGroup;
			children = (
				597418A52276F7D900820E26 /* Refresh */,
				592D1B8E22BCC328008F275E /* MQTT */,
			);
			path = Untils;
			sourceTree = "<group>";
		};
		597418A52276F7D900820E26 /* Refresh */ = {
			isa = PBXGroup;
			children = (
				597418A62276F82000820E26 /* UIScrollView+RefreshController.h */,
				597418A72276F82000820E26 /* UIScrollView+RefreshController.m */,
				597418A92276F84100820E26 /* RefreshBaseView.h */,
				597418AA2276F84100820E26 /* RefreshBaseView.m */,
				597418AC2276F85800820E26 /* RefreshHeader.h */,
				597418AD2276F85800820E26 /* RefreshHeader.m */,
				597418AF2276F86200820E26 /* RefreshFooter.h */,
				597418B02276F86200820E26 /* RefreshFooter.m */,
				597418B22276FAA800820E26 /* RefreshConstant.h */,
				597418B32276FAA800820E26 /* RefreshConstant.m */,
				D8479BE022B55812003C04FE /* LoadMoreControl.h */,
				D8479BE122B55812003C04FE /* LoadMoreControl.m */,
			);
			path = Refresh;
			sourceTree = "<group>";
		};
		59D7E43B22B1F33800BB17EC /* UIViewDraging */ = {
			isa = PBXGroup;
			children = (
				59D7E43E22B1F37300BB17EC /* DragingViewController.h */,
				59D7E43F22B1F37300BB17EC /* DragingViewController.m */,
				59D7E44122B1F3A400BB17EC /* DragView.h */,
				59D7E44222B1F3A400BB17EC /* DragView.m */,
			);
			path = UIViewDraging;
			sourceTree = "<group>";
		};
		59D7E43C22B1F33800BB17EC /* HBDNavBarTest */ = {
			isa = PBXGroup;
			children = (
				593CA09B229B8CF800F21A02 /* HBDNaviBarViewController.h */,
				593CA09C229B8CF800F21A02 /* HBDNaviBarViewController.m */,
			);
			path = HBDNavBarTest;
			sourceTree = "<group>";
		};
		59D7E43D22B1F33800BB17EC /* RACTest */ = {
			isa = PBXGroup;
			children = (
				593CA09E229B8D0400F21A02 /* RACViewController.h */,
				593CA09F229B8D0400F21A02 /* RACViewController.m */,
				593CA0A1229B911800F21A02 /* RacView.h */,
				593CA0A2229B911800F21A02 /* RacView.m */,
			);
			path = RACTest;
			sourceTree = "<group>";
		};
		59E1777F226F04A500E9625B = {
			isa = PBXGroup;
			children = (
				59E1778A226F04A500E9625B /* ObjcProjects */,
				59E177A3226F04A600E9625B /* ObjcProjectsTests */,
				59E177AE226F04A600E9625B /* ObjcProjectsUITests */,
				59E17789226F04A500E9625B /* Products */,
				1C620B4BD9376262186440A7 /* Pods */,
				0BDB0F988B4F3562E3359E22 /* Frameworks */,
			);
			sourceTree = "<group>";
		};
		59E17789226F04A500E9625B /* Products */ = {
			isa = PBXGroup;
			children = (
				59E17788226F04A500E9625B /* ObjcProjects.app */,
				59E177A0226F04A600E9625B /* ObjcProjectsTests.xctest */,
				59E177AB226F04A600E9625B /* ObjcProjectsUITests.xctest */,
			);
			name = Products;
			sourceTree = "<group>";
		};
		59E1778A226F04A500E9625B /* ObjcProjects */ = {
			isa = PBXGroup;
			children = (
				59E177BF226F04E000E9625B /* AppDelegate.h */,
				59E177C0226F04E000E9625B /* AppDelegate.m */,
				59E177BE226F04E000E9625B /* MainTabBarController.h */,
				59E177BD226F04DF00E9625B /* MainTabBarController.m */,
				597418A42276F7D900820E26 /* Untils */,
				59F5F8CC2277EF6100067A7B /* BaseClass */,
				59E177CF226F04FC00E9625B /* Home */,
				59E177CB226F04FC00E9625B /* Community */,
				59E177C3226F04FC00E9625B /* Message */,
				59E177C7226F04FC00E9625B /* Profile */,
				59E17791226F04A500E9625B /* Main.storyboard */,
				59E17794226F04A600E9625B /* Assets.xcassets */,
				59E17796226F04A600E9625B /* LaunchScreen.storyboard */,
				59E17799226F04A600E9625B /* Info.plist */,
				59E1779A226F04A600E9625B /* main.m */,
				597418A02276D9DA00820E26 /* PrefixHeader.pch */,
				597418A12276DC2900820E26 /* DDLogFormatter.h */,
				597418A22276DC2900820E26 /* DDLogFormatter.m */,
			);
			path = ObjcProjects;
			sourceTree = "<group>";
		};
		59E177A3226F04A600E9625B /* ObjcProjectsTests */ = {
			isa = PBXGroup;
			children = (
				59E177A4226F04A600E9625B /* ObjcProjectsTests.m */,
				59E177A6226F04A600E9625B /* Info.plist */,
			);
			path = ObjcProjectsTests;
			sourceTree = "<group>";
		};
		59E177AE226F04A600E9625B /* ObjcProjectsUITests */ = {
			isa = PBXGroup;
			children = (
				59E177AF226F04A600E9625B /* ObjcProjectsUITests.m */,
				59E177B1226F04A600E9625B /* Info.plist */,
			);
			path = ObjcProjectsUITests;
			sourceTree = "<group>";
		};
		59E177C3226F04FC00E9625B /* Message */ = {
			isa = PBXGroup;
			children = (
				59E177C5226F04FC00E9625B /* MessageViewController.h */,
				59E177C4226F04FC00E9625B /* MessageViewController.m */,
				59E177C6226F04FC00E9625B /* Message.storyboard */,
			);
			path = Message;
			sourceTree = "<group>";
		};
		59E177C7226F04FC00E9625B /* Profile */ = {
			isa = PBXGroup;
			children = (
				59E177C8226F04FC00E9625B /* Profile.storyboard */,
				59E177C9226F04FC00E9625B /* ProfileViewController.h */,
				59E177CA226F04FC00E9625B /* ProfileViewController.m */,
			);
			path = Profile;
			sourceTree = "<group>";
		};
		59E177CB226F04FC00E9625B /* Community */ = {
			isa = PBXGroup;
			children = (
				59E177CC226F04FC00E9625B /* Community.storyboard */,
				59E177CE226F04FC00E9625B /* CommunityViewController.h */,
				59E177CD226F04FC00E9625B /* CommunityViewController.m */,
			);
			path = Community;
			sourceTree = "<group>";
		};
		59E177CF226F04FC00E9625B /* Home */ = {
			isa = PBXGroup;
			children = (
				59E177D1226F04FC00E9625B /* Home.storyboard */,
				59E177D2226F04FC00E9625B /* HomeViewController.h */,
				59E177D0226F04FC00E9625B /* HomeViewController.m */,
				59D7E43C22B1F33800BB17EC /* HBDNavBarTest */,
				59D7E43D22B1F33800BB17EC /* RACTest */,
				59D7E43B22B1F33800BB17EC /* UIViewDraging */,
			);
			path = Home;
			sourceTree = "<group>";
		};
		59F5F8CC2277EF6100067A7B /* BaseClass */ = {
			isa = PBXGroup;
			children = (
				59F5F8D022781E3900067A7B /* UIScrollView+Base.h */,
				59F5F8D122781E3900067A7B /* UIScrollView+Base.m */,
			);
			path = BaseClass;
			sourceTree = "<group>";
		};
/* End PBXGroup section */

/* Begin PBXNativeTarget section */
		59E17787226F04A500E9625B /* ObjcProjects */ = {
			isa = PBXNativeTarget;
			buildConfigurationList = 59E177B4226F04A600E9625B /* Build configuration list for PBXNativeTarget "ObjcProjects" */;
			buildPhases = (
				AF77D368AAC4DE8CCBB6FC5E /* [CP] Check Pods Manifest.lock */,
				59E17784226F04A500E9625B /* Sources */,
				59E17785226F04A500E9625B /* Frameworks */,
				59E17786226F04A500E9625B /* Resources */,
				583970D57A1ABAD850746094 /* [CP] Copy Pods Resources */,
			);
			buildRules = (
			);
			dependencies = (
			);
			name = ObjcProjects;
			productName = ObjcProjects;
			productReference = 59E17788226F04A500E9625B /* ObjcProjects.app */;
			productType = "com.apple.product-type.application";
		};
		59E1779F226F04A600E9625B /* ObjcProjectsTests */ = {
			isa = PBXNativeTarget;
			buildConfigurationList = 59E177B7226F04A600E9625B /* Build configuration list for PBXNativeTarget "ObjcProjectsTests" */;
			buildPhases = (
				884B0D9D4BECEF093E3B53A7 /* [CP] Check Pods Manifest.lock */,
				59E1779C226F04A600E9625B /* Sources */,
				59E1779D226F04A600E9625B /* Frameworks */,
				59E1779E226F04A600E9625B /* Resources */,
			);
			buildRules = (
			);
			dependencies = (
				59E177A2226F04A600E9625B /* PBXTargetDependency */,
			);
			name = ObjcProjectsTests;
			productName = ObjcProjectsTests;
			productReference = 59E177A0226F04A600E9625B /* ObjcProjectsTests.xctest */;
			productType = "com.apple.product-type.bundle.unit-test";
		};
		59E177AA226F04A600E9625B /* ObjcProjectsUITests */ = {
			isa = PBXNativeTarget;
			buildConfigurationList = 59E177BA226F04A600E9625B /* Build configuration list for PBXNativeTarget "ObjcProjectsUITests" */;
			buildPhases = (
				7E5C11FD2AA0C131ED9E4F33 /* [CP] Check Pods Manifest.lock */,
				59E177A7226F04A600E9625B /* Sources */,
				59E177A8226F04A600E9625B /* Frameworks */,
				59E177A9226F04A600E9625B /* Resources */,
			);
			buildRules = (
			);
			dependencies = (
				59E177AD226F04A600E9625B /* PBXTargetDependency */,
			);
			name = ObjcProjectsUITests;
			productName = ObjcProjectsUITests;
			productReference = 59E177AB226F04A600E9625B /* ObjcProjectsUITests.xctest */;
			productType = "com.apple.product-type.bundle.ui-testing";
		};
/* End PBXNativeTarget section */

/* Begin PBXProject section */
		59E17780226F04A500E9625B /* Project object */ = {
			isa = PBXProject;
			attributes = {
				LastUpgradeCheck = 1010;
				ORGANIZATIONNAME = Joe;
				TargetAttributes = {
					59E17787226F04A500E9625B = {
						CreatedOnToolsVersion = 10.1;
					};
					59E1779F226F04A600E9625B = {
						CreatedOnToolsVersion = 10.1;
						TestTargetID = 59E17787226F04A500E9625B;
					};
					59E177AA226F04A600E9625B = {
						CreatedOnToolsVersion = 10.1;
						TestTargetID = 59E17787226F04A500E9625B;
					};
				};
			};
			buildConfigurationList = 59E17783226F04A500E9625B /* Build configuration list for PBXProject "ObjcProjects" */;
			compatibilityVersion = "Xcode 9.3";
			developmentRegion = en;
			hasScannedForEncodings = 0;
			knownRegions = (
				en,
				Base,
			);
			mainGroup = 59E1777F226F04A500E9625B;
			productRefGroup = 59E17789226F04A500E9625B /* Products */;
			projectDirPath = "";
			projectRoot = "";
			targets = (
				59E17787226F04A500E9625B /* ObjcProjects */,
				59E1779F226F04A600E9625B /* ObjcProjectsTests */,
				59E177AA226F04A600E9625B /* ObjcProjectsUITests */,
			);
		};
/* End PBXProject section */

/* Begin PBXResourcesBuildPhase section */
		59E17786226F04A500E9625B /* Resources */ = {
			isa = PBXResourcesBuildPhase;
			buildActionMask = 2147483647;
			files = (
				59E177DA226F04FC00E9625B /* Home.storyboard in Resources */,
				59E177D7226F04FC00E9625B /* Community.storyboard in Resources */,
				59E17798226F04A600E9625B /* LaunchScreen.storyboard in Resources */,
				59E17795226F04A600E9625B /* Assets.xcassets in Resources */,
				59E177D5226F04FC00E9625B /* Profile.storyboard in Resources */,
				59E177D4226F04FC00E9625B /* Message.storyboard in Resources */,
				59E17793226F04A500E9625B /* Main.storyboard in Resources */,
			);
			runOnlyForDeploymentPostprocessing = 0;
		};
		59E1779E226F04A600E9625B /* Resources */ = {
			isa = PBXResourcesBuildPhase;
			buildActionMask = 2147483647;
			files = (
			);
			runOnlyForDeploymentPostprocessing = 0;
		};
		59E177A9226F04A600E9625B /* Resources */ = {
			isa = PBXResourcesBuildPhase;
			buildActionMask = 2147483647;
			files = (
			);
			runOnlyForDeploymentPostprocessing = 0;
		};
/* End PBXResourcesBuildPhase section */

/* Begin PBXShellScriptBuildPhase section */
		583970D57A1ABAD850746094 /* [CP] Copy Pods Resources */ = {
			isa = PBXShellScriptBuildPhase;
			buildActionMask = 2147483647;
			files = (
			);
			inputFileListPaths = (
				"${PODS_ROOT}/Target Support Files/Pods-ObjcProjects/Pods-ObjcProjects-resources-${CONFIGURATION}-input-files.xcfilelist",
			);
			name = "[CP] Copy Pods Resources";
			outputFileListPaths = (
				"${PODS_ROOT}/Target Support Files/Pods-ObjcProjects/Pods-ObjcProjects-resources-${CONFIGURATION}-output-files.xcfilelist",
			);
			runOnlyForDeploymentPostprocessing = 0;
			shellPath = /bin/sh;
			shellScript = "\"${PODS_ROOT}/Target Support Files/Pods-ObjcProjects/Pods-ObjcProjects-resources.sh\"\n";
			showEnvVarsInLog = 0;
		};
		7E5C11FD2AA0C131ED9E4F33 /* [CP] Check Pods Manifest.lock */ = {
			isa = PBXShellScriptBuildPhase;
			buildActionMask = 2147483647;
			files = (
			);
			inputFileListPaths = (
			);
			inputPaths = (
				"${PODS_PODFILE_DIR_PATH}/Podfile.lock",
				"${PODS_ROOT}/Manifest.lock",
			);
			name = "[CP] Check Pods Manifest.lock";
			outputFileListPaths = (
			);
			outputPaths = (
				"$(DERIVED_FILE_DIR)/Pods-ObjcProjectsUITests-checkManifestLockResult.txt",
			);
			runOnlyForDeploymentPostprocessing = 0;
			shellPath = /bin/sh;
			shellScript = "diff \"${PODS_PODFILE_DIR_PATH}/Podfile.lock\" \"${PODS_ROOT}/Manifest.lock\" > /dev/null\nif [ $? != 0 ] ; then\n    # print error to STDERR\n    echo \"error: The sandbox is not in sync with the Podfile.lock. Run 'pod install' or update your CocoaPods installation.\" >&2\n    exit 1\nfi\n# This output is used by Xcode 'outputs' to avoid re-running this script phase.\necho \"SUCCESS\" > \"${SCRIPT_OUTPUT_FILE_0}\"\n";
			showEnvVarsInLog = 0;
		};
		884B0D9D4BECEF093E3B53A7 /* [CP] Check Pods Manifest.lock */ = {
			isa = PBXShellScriptBuildPhase;
			buildActionMask = 2147483647;
			files = (
			);
			inputFileListPaths = (
			);
			inputPaths = (
				"${PODS_PODFILE_DIR_PATH}/Podfile.lock",
				"${PODS_ROOT}/Manifest.lock",
			);
			name = "[CP] Check Pods Manifest.lock";
			outputFileListPaths = (
			);
			outputPaths = (
				"$(DERIVED_FILE_DIR)/Pods-ObjcProjectsTests-checkManifestLockResult.txt",
			);
			runOnlyForDeploymentPostprocessing = 0;
			shellPath = /bin/sh;
			shellScript = "diff \"${PODS_PODFILE_DIR_PATH}/Podfile.lock\" \"${PODS_ROOT}/Manifest.lock\" > /dev/null\nif [ $? != 0 ] ; then\n    # print error to STDERR\n    echo \"error: The sandbox is not in sync with the Podfile.lock. Run 'pod install' or update your CocoaPods installation.\" >&2\n    exit 1\nfi\n# This output is used by Xcode 'outputs' to avoid re-running this script phase.\necho \"SUCCESS\" > \"${SCRIPT_OUTPUT_FILE_0}\"\n";
			showEnvVarsInLog = 0;
		};
		AF77D368AAC4DE8CCBB6FC5E /* [CP] Check Pods Manifest.lock */ = {
			isa = PBXShellScriptBuildPhase;
			buildActionMask = 2147483647;
			files = (
			);
			inputFileListPaths = (
			);
			inputPaths = (
				"${PODS_PODFILE_DIR_PATH}/Podfile.lock",
				"${PODS_ROOT}/Manifest.lock",
			);
			name = "[CP] Check Pods Manifest.lock";
			outputFileListPaths = (
			);
			outputPaths = (
				"$(DERIVED_FILE_DIR)/Pods-ObjcProjects-checkManifestLockResult.txt",
			);
			runOnlyForDeploymentPostprocessing = 0;
			shellPath = /bin/sh;
			shellScript = "diff \"${PODS_PODFILE_DIR_PATH}/Podfile.lock\" \"${PODS_ROOT}/Manifest.lock\" > /dev/null\nif [ $? != 0 ] ; then\n    # print error to STDERR\n    echo \"error: The sandbox is not in sync with the Podfile.lock. Run 'pod install' or update your CocoaPods installation.\" >&2\n    exit 1\nfi\n# This output is used by Xcode 'outputs' to avoid re-running this script phase.\necho \"SUCCESS\" > \"${SCRIPT_OUTPUT_FILE_0}\"\n";
			showEnvVarsInLog = 0;
		};
/* End PBXShellScriptBuildPhase section */

/* Begin PBXSourcesBuildPhase section */
		59E17784226F04A500E9625B /* Sources */ = {
			isa = PBXSourcesBuildPhase;
			buildActionMask = 2147483647;
			files = (
				D8479BE222B55812003C04FE /* LoadMoreControl.m in Sources */,
				592D1B9D22BCC328008F275E /* MQTTConfig.m in Sources */,
				59E177D8226F04FC00E9625B /* CommunityViewController.m in Sources */,
				597418B42276FAA800820E26 /* RefreshConstant.m in Sources */,
				597418A32276DC2900820E26 /* DDLogFormatter.m in Sources */,
				593CA0A0229B8D0400F21A02 /* RACViewController.m in Sources */,
				59E177C1226F04E000E9625B /* MainTabBarController.m in Sources */,
				59D7E44022B1F37300BB17EC /* DragingViewController.m in Sources */,
				59E1779B226F04A600E9625B /* main.m in Sources */,
				592D1BA522BCC328008F275E /* MQTTSessionUtil.m in Sources */,
				59D7E44322B1F3A400BB17EC /* DragView.m in Sources */,
				597418AE2276F85800820E26 /* RefreshHeader.m in Sources */,
				59E177D3226F04FC00E9625B /* MessageViewController.m in Sources */,
				592D1BA822BCC3F4008F275E /* MQTTConst.m in Sources */,
				597418AB2276F84100820E26 /* RefreshBaseView.m in Sources */,
				593CA09D229B8CF800F21A02 /* HBDNaviBarViewController.m in Sources */,
				59E177C2226F04E000E9625B /* AppDelegate.m in Sources */,
				592D1BA222BCC328008F275E /* MQTTManager.m in Sources */,
				592D1BA422BCC328008F275E /* MQTTUtilModel.m in Sources */,
				597418B12276F86200820E26 /* RefreshFooter.m in Sources */,
				597418A82276F82000820E26 /* UIScrollView+RefreshController.m in Sources */,
				59F5F8D222781E3900067A7B /* UIScrollView+Base.m in Sources */,
				59E177D9226F04FC00E9625B /* HomeViewController.m in Sources */,
				59E177D6226F04FC00E9625B /* ProfileViewController.m in Sources */,
				593CA0A3229B911800F21A02 /* RacView.m in Sources */,
				592D1BA122BCC328008F275E /* MQTTBaseModel.m in Sources */,
			);
			runOnlyForDeploymentPostprocessing = 0;
		};
		59E1779C226F04A600E9625B /* Sources */ = {
			isa = PBXSourcesBuildPhase;
			buildActionMask = 2147483647;
			files = (
				59E177A5226F04A600E9625B /* ObjcProjectsTests.m in Sources */,
			);
			runOnlyForDeploymentPostprocessing = 0;
		};
		59E177A7226F04A600E9625B /* Sources */ = {
			isa = PBXSourcesBuildPhase;
			buildActionMask = 2147483647;
			files = (
				59E177B0226F04A600E9625B /* ObjcProjectsUITests.m in Sources */,
			);
			runOnlyForDeploymentPostprocessing = 0;
		};
/* End PBXSourcesBuildPhase section */

/* Begin PBXTargetDependency section */
		59E177A2226F04A600E9625B /* PBXTargetDependency */ = {
			isa = PBXTargetDependency;
			target = 59E17787226F04A500E9625B /* ObjcProjects */;
			targetProxy = 59E177A1226F04A600E9625B /* PBXContainerItemProxy */;
		};
		59E177AD226F04A600E9625B /* PBXTargetDependency */ = {
			isa = PBXTargetDependency;
			target = 59E17787226F04A500E9625B /* ObjcProjects */;
			targetProxy = 59E177AC226F04A600E9625B /* PBXContainerItemProxy */;
		};
/* End PBXTargetDependency section */

/* Begin PBXVariantGroup section */
		59E17791226F04A500E9625B /* Main.storyboard */ = {
			isa = PBXVariantGroup;
			children = (
				59E17792226F04A500E9625B /* Base */,
			);
			name = Main.storyboard;
			sourceTree = "<group>";
		};
		59E17796226F04A600E9625B /* LaunchScreen.storyboard */ = {
			isa = PBXVariantGroup;
			children = (
				59E17797226F04A600E9625B /* Base */,
			);
			name = LaunchScreen.storyboard;
			sourceTree = "<group>";
		};
/* End PBXVariantGroup section */

/* Begin XCBuildConfiguration section */
		59E177B2226F04A600E9625B /* Debug */ = {
			isa = XCBuildConfiguration;
			buildSettings = {
				ALWAYS_SEARCH_USER_PATHS = NO;
				CLANG_ANALYZER_NONNULL = YES;
				CLANG_ANALYZER_NUMBER_OBJECT_CONVERSION = YES_AGGRESSIVE;
				CLANG_CXX_LANGUAGE_STANDARD = "gnu++14";
				CLANG_CXX_LIBRARY = "libc++";
				CLANG_ENABLE_MODULES = YES;
				CLANG_ENABLE_OBJC_ARC = YES;
				CLANG_ENABLE_OBJC_WEAK = YES;
				CLANG_WARN_BLOCK_CAPTURE_AUTORELEASING = YES;
				CLANG_WARN_BOOL_CONVERSION = YES;
				CLANG_WARN_COMMA = YES;
				CLANG_WARN_CONSTANT_CONVERSION = YES;
				CLANG_WARN_DEPRECATED_OBJC_IMPLEMENTATIONS = YES;
				CLANG_WARN_DIRECT_OBJC_ISA_USAGE = YES_ERROR;
				CLANG_WARN_DOCUMENTATION_COMMENTS = YES;
				CLANG_WARN_EMPTY_BODY = YES;
				CLANG_WARN_ENUM_CONVERSION = YES;
				CLANG_WARN_INFINITE_RECURSION = YES;
				CLANG_WARN_INT_CONVERSION = YES;
				CLANG_WARN_NON_LITERAL_NULL_CONVERSION = YES;
				CLANG_WARN_OBJC_IMPLICIT_RETAIN_SELF = YES;
				CLANG_WARN_OBJC_LITERAL_CONVERSION = YES;
				CLANG_WARN_OBJC_ROOT_CLASS = YES_ERROR;
				CLANG_WARN_RANGE_LOOP_ANALYSIS = YES;
				CLANG_WARN_STRICT_PROTOTYPES = YES;
				CLANG_WARN_SUSPICIOUS_MOVE = YES;
				CLANG_WARN_UNGUARDED_AVAILABILITY = YES_AGGRESSIVE;
				CLANG_WARN_UNREACHABLE_CODE = YES;
				CLANG_WARN__DUPLICATE_METHOD_MATCH = YES;
				CODE_SIGN_IDENTITY = "iPhone Developer";
				COPY_PHASE_STRIP = NO;
				DEBUG_INFORMATION_FORMAT = dwarf;
				ENABLE_STRICT_OBJC_MSGSEND = YES;
				ENABLE_TESTABILITY = YES;
				GCC_C_LANGUAGE_STANDARD = gnu11;
				GCC_DYNAMIC_NO_PIC = NO;
				GCC_NO_COMMON_BLOCKS = YES;
				GCC_OPTIMIZATION_LEVEL = 0;
				GCC_PREPROCESSOR_DEFINITIONS = (
					"DEBUG=1",
					"$(inherited)",
				);
				GCC_WARN_64_TO_32_BIT_CONVERSION = YES;
				GCC_WARN_ABOUT_RETURN_TYPE = YES_ERROR;
				GCC_WARN_UNDECLARED_SELECTOR = YES;
				GCC_WARN_UNINITIALIZED_AUTOS = YES_AGGRESSIVE;
				GCC_WARN_UNUSED_FUNCTION = YES;
				GCC_WARN_UNUSED_VARIABLE = YES;
				IPHONEOS_DEPLOYMENT_TARGET = 12.1;
				MTL_ENABLE_DEBUG_INFO = INCLUDE_SOURCE;
				MTL_FAST_MATH = YES;
				ONLY_ACTIVE_ARCH = YES;
				SDKROOT = iphoneos;
			};
			name = Debug;
		};
		59E177B3226F04A600E9625B /* Release */ = {
			isa = XCBuildConfiguration;
			buildSettings = {
				ALWAYS_SEARCH_USER_PATHS = NO;
				CLANG_ANALYZER_NONNULL = YES;
				CLANG_ANALYZER_NUMBER_OBJECT_CONVERSION = YES_AGGRESSIVE;
				CLANG_CXX_LANGUAGE_STANDARD = "gnu++14";
				CLANG_CXX_LIBRARY = "libc++";
				CLANG_ENABLE_MODULES = YES;
				CLANG_ENABLE_OBJC_ARC = YES;
				CLANG_ENABLE_OBJC_WEAK = YES;
				CLANG_WARN_BLOCK_CAPTURE_AUTORELEASING = YES;
				CLANG_WARN_BOOL_CONVERSION = YES;
				CLANG_WARN_COMMA = YES;
				CLANG_WARN_CONSTANT_CONVERSION = YES;
				CLANG_WARN_DEPRECATED_OBJC_IMPLEMENTATIONS = YES;
				CLANG_WARN_DIRECT_OBJC_ISA_USAGE = YES_ERROR;
				CLANG_WARN_DOCUMENTATION_COMMENTS = YES;
				CLANG_WARN_EMPTY_BODY = YES;
				CLANG_WARN_ENUM_CONVERSION = YES;
				CLANG_WARN_INFINITE_RECURSION = YES;
				CLANG_WARN_INT_CONVERSION = YES;
				CLANG_WARN_NON_LITERAL_NULL_CONVERSION = YES;
				CLANG_WARN_OBJC_IMPLICIT_RETAIN_SELF = YES;
				CLANG_WARN_OBJC_LITERAL_CONVERSION = YES;
				CLANG_WARN_OBJC_ROOT_CLASS = YES_ERROR;
				CLANG_WARN_RANGE_LOOP_ANALYSIS = YES;
				CLANG_WARN_STRICT_PROTOTYPES = YES;
				CLANG_WARN_SUSPICIOUS_MOVE = YES;
				CLANG_WARN_UNGUARDED_AVAILABILITY = YES_AGGRESSIVE;
				CLANG_WARN_UNREACHABLE_CODE = YES;
				CLANG_WARN__DUPLICATE_METHOD_MATCH = YES;
				CODE_SIGN_IDENTITY = "iPhone Developer";
				COPY_PHASE_STRIP = NO;
				DEBUG_INFORMATION_FORMAT = "dwarf-with-dsym";
				ENABLE_NS_ASSERTIONS = NO;
				ENABLE_STRICT_OBJC_MSGSEND = YES;
				GCC_C_LANGUAGE_STANDARD = gnu11;
				GCC_NO_COMMON_BLOCKS = YES;
				GCC_WARN_64_TO_32_BIT_CONVERSION = YES;
				GCC_WARN_ABOUT_RETURN_TYPE = YES_ERROR;
				GCC_WARN_UNDECLARED_SELECTOR = YES;
				GCC_WARN_UNINITIALIZED_AUTOS = YES_AGGRESSIVE;
				GCC_WARN_UNUSED_FUNCTION = YES;
				GCC_WARN_UNUSED_VARIABLE = YES;
				IPHONEOS_DEPLOYMENT_TARGET = 12.1;
				MTL_ENABLE_DEBUG_INFO = NO;
				MTL_FAST_MATH = YES;
				SDKROOT = iphoneos;
				VALIDATE_PRODUCT = YES;
			};
			name = Release;
		};
		59E177B5226F04A600E9625B /* Debug */ = {
			isa = XCBuildConfiguration;
			baseConfigurationReference = 9689FE02F74AB02230DF76A3 /* Pods-ObjcProjects.debug.xcconfig */;
			buildSettings = {
				ASSETCATALOG_COMPILER_APPICON_NAME = AppIcon;
				CODE_SIGN_STYLE = Automatic;
				DEVELOPMENT_TEAM = ARGK844GXV;
				GCC_PREFIX_HEADER = "$(SRCROOT)/ObjcProjects/PrefixHeader.pch";
				INFOPLIST_FILE = ObjcProjects/Info.plist;
				IPHONEOS_DEPLOYMENT_TARGET = 9.0;
				LD_RUNPATH_SEARCH_PATHS = (
					"$(inherited)",
					"@executable_path/Frameworks",
				);
				PRODUCT_BUNDLE_IDENTIFIER = com.silknets.ObjcProjects;
				PRODUCT_NAME = "$(TARGET_NAME)";
				TARGETED_DEVICE_FAMILY = "1,2";
			};
			name = Debug;
		};
		59E177B6226F04A600E9625B /* Release */ = {
			isa = XCBuildConfiguration;
			baseConfigurationReference = A332B94BB73F8CA2E42A3265 /* Pods-ObjcProjects.release.xcconfig */;
			buildSettings = {
				ASSETCATALOG_COMPILER_APPICON_NAME = AppIcon;
				CODE_SIGN_STYLE = Automatic;
				DEVELOPMENT_TEAM = ARGK844GXV;
				GCC_PREFIX_HEADER = "$(SRCROOT)/ObjcProjects/PrefixHeader.pch";
				INFOPLIST_FILE = ObjcProjects/Info.plist;
				IPHONEOS_DEPLOYMENT_TARGET = 9.0;
				LD_RUNPATH_SEARCH_PATHS = (
					"$(inherited)",
					"@executable_path/Frameworks",
				);
				PRODUCT_BUNDLE_IDENTIFIER = com.silknets.ObjcProjects;
				PRODUCT_NAME = "$(TARGET_NAME)";
				TARGETED_DEVICE_FAMILY = "1,2";
			};
			name = Release;
		};
		59E177B8226F04A600E9625B /* Debug */ = {
			isa = XCBuildConfiguration;
			baseConfigurationReference = 532E86B8D65BDCBB4565C910 /* Pods-ObjcProjectsTests.debug.xcconfig */;
			buildSettings = {
				BUNDLE_LOADER = "$(TEST_HOST)";
				CODE_SIGN_STYLE = Automatic;
				INFOPLIST_FILE = ObjcProjectsTests/Info.plist;
				LD_RUNPATH_SEARCH_PATHS = (
					"$(inherited)",
					"@executable_path/Frameworks",
					"@loader_path/Frameworks",
				);
				PRODUCT_BUNDLE_IDENTIFIER = com.silknets.ObjcProjectsTests;
				PRODUCT_NAME = "$(TARGET_NAME)";
				TARGETED_DEVICE_FAMILY = "1,2";
				TEST_HOST = "$(BUILT_PRODUCTS_DIR)/ObjcProjects.app/ObjcProjects";
			};
			name = Debug;
		};
		59E177B9226F04A600E9625B /* Release */ = {
			isa = XCBuildConfiguration;
			baseConfigurationReference = 3F1F9DD19205A8F816C9C5DC /* Pods-ObjcProjectsTests.release.xcconfig */;
			buildSettings = {
				BUNDLE_LOADER = "$(TEST_HOST)";
				CODE_SIGN_STYLE = Automatic;
				INFOPLIST_FILE = ObjcProjectsTests/Info.plist;
				LD_RUNPATH_SEARCH_PATHS = (
					"$(inherited)",
					"@executable_path/Frameworks",
					"@loader_path/Frameworks",
				);
				PRODUCT_BUNDLE_IDENTIFIER = com.silknets.ObjcProjectsTests;
				PRODUCT_NAME = "$(TARGET_NAME)";
				TARGETED_DEVICE_FAMILY = "1,2";
				TEST_HOST = "$(BUILT_PRODUCTS_DIR)/ObjcProjects.app/ObjcProjects";
			};
			name = Release;
		};
		59E177BB226F04A600E9625B /* Debug */ = {
			isa = XCBuildConfiguration;
			baseConfigurationReference = B8E76F56DA4C5D8AE4486A12 /* Pods-ObjcProjectsUITests.debug.xcconfig */;
			buildSettings = {
				CODE_SIGN_STYLE = Automatic;
				INFOPLIST_FILE = ObjcProjectsUITests/Info.plist;
				LD_RUNPATH_SEARCH_PATHS = (
					"$(inherited)",
					"@executable_path/Frameworks",
					"@loader_path/Frameworks",
				);
				PRODUCT_BUNDLE_IDENTIFIER = com.silknets.ObjcProjectsUITests;
				PRODUCT_NAME = "$(TARGET_NAME)";
				TARGETED_DEVICE_FAMILY = "1,2";
				TEST_TARGET_NAME = ObjcProjects;
			};
			name = Debug;
		};
		59E177BC226F04A600E9625B /* Release */ = {
			isa = XCBuildConfiguration;
			baseConfigurationReference = D22A28290E2C3AF59ABF8588 /* Pods-ObjcProjectsUITests.release.xcconfig */;
			buildSettings = {
				CODE_SIGN_STYLE = Automatic;
				INFOPLIST_FILE = ObjcProjectsUITests/Info.plist;
				LD_RUNPATH_SEARCH_PATHS = (
					"$(inherited)",
					"@executable_path/Frameworks",
					"@loader_path/Frameworks",
				);
				PRODUCT_BUNDLE_IDENTIFIER = com.silknets.ObjcProjectsUITests;
				PRODUCT_NAME = "$(TARGET_NAME)";
				TARGETED_DEVICE_FAMILY = "1,2";
				TEST_TARGET_NAME = ObjcProjects;
			};
			name = Release;
		};
/* End XCBuildConfiguration section */

/* Begin XCConfigurationList section */
		59E17783226F04A500E9625B /* Build configuration list for PBXProject "ObjcProjects" */ = {
			isa = XCConfigurationList;
			buildConfigurations = (
				59E177B2226F04A600E9625B /* Debug */,
				59E177B3226F04A600E9625B /* Release */,
			);
			defaultConfigurationIsVisible = 0;
			defaultConfigurationName = Release;
		};
		59E177B4226F04A600E9625B /* Build configuration list for PBXNativeTarget "ObjcProjects" */ = {
			isa = XCConfigurationList;
			buildConfigurations = (
				59E177B5226F04A600E9625B /* Debug */,
				59E177B6226F04A600E9625B /* Release */,
			);
			defaultConfigurationIsVisible = 0;
			defaultConfigurationName = Release;
		};
		59E177B7226F04A600E9625B /* Build configuration list for PBXNativeTarget "ObjcProjectsTests" */ = {
			isa = XCConfigurationList;
			buildConfigurations = (
				59E177B8226F04A600E9625B /* Debug */,
				59E177B9226F04A600E9625B /* Release */,
			);
			defaultConfigurationIsVisible = 0;
			defaultConfigurationName = Release;
		};
		59E177BA226F04A600E9625B /* Build configuration list for PBXNativeTarget "ObjcProjectsUITests" */ = {
			isa = XCConfigurationList;
			buildConfigurations = (
				59E177BB226F04A600E9625B /* Debug */,
				59E177BC226F04A600E9625B /* Release */,
			);
			defaultConfigurationIsVisible = 0;
			defaultConfigurationName = Release;
		};
/* End XCConfigurationList section */
	};
	rootObject = 59E17780226F04A500E9625B /* Project object */;
}
